{
  "lockfileVersion": 1,
  "configVersion": 1,
  "workspaces": {
    "": {
      "name": "voice-ai",
      "dependencies": {
        "@hono/zod-openapi": "^1.4.0",
        "hono": "4.12.23",
        "twilio": "6.0.2",
        "zod": "4.4.3",
      },
      "devDependencies": {
        "@biomejs/biome": "2.4.15",
        "@hey-api/client-fetch": "^0.13.1",
        "@hey-api/openapi-ts": "^0.97.3",
        "@types/bun": "1.3.14",
      },
    },
  },
  "packages": {
    "@asteasolutions/zod-to-openapi": ["@asteasolutions/zod-to-openapi@8.5.0", "", { "dependencies": { "openapi3-ts": "^4.1.2" }, "peerDependencies": { "zod": "^4.0.0" } }, "sha512-SABbKiObg5dLRiTFnqiW1WWwGcg1BJfmHtT2asIBnBHg6Smy/Ms2KHc650+JI4Hw7lSkdiNebEGXpwoxfben8Q=="],

    "@biomejs/biome": ["@biomejs/biome@2.4.15", "", { "optionalDependencies": { "@biomejs/cli-darwin-arm64": "2.4.15", "@biomejs/cli-darwin-x64": "2.4.15", "@biomejs/cli-linux-arm64": "2.4.15", "@biomejs/cli-linux-arm64-musl": "2.4.15", "@biomejs/cli-linux-x64": "2.4.15", "@biomejs/cli-linux-x64-musl": "2.4.15", "@biomejs/cli-win32-arm64": "2.4.15", "@biomejs/cli-win32-x64": "2.4.15" }, "bin": { "biome": "bin/biome" } }, "sha512-j5VH3a/h/HXTKBM50MDMxRCzkeLv9S2XJcW2WgnZT1+xyisi+0bISrXR82gCX+8S9lvK0skEvHJRN+3Ktr2hlw=="],

    "@biomejs/cli-darwin-arm64": ["@biomejs/cli-darwin-arm64@2.4.15", "", { "os": "darwin", "cpu": "arm64" }, "sha512-rF3PPqLq1yoST79zaQbDjVJwsuIeci/O+9bgNmC5QpgOqz6aqYuzA4abyAGx+mgyiDXn4A049xAN8gijbuR1Qg=="],

    "@biomejs/cli-darwin-x64": ["@biomejs/cli-darwin-x64@2.4.15", "", { "os": "darwin", "cpu": "x64" }, "sha512-/5KHXYMfSJs1fNXiX30xFtI8JcCFV6zaVVLxOa0M2sfqBKHkpQhRTv94yxQWxeTY2lzo2OuTlNvPC+hDQt2wcQ=="],

    "@biomejs/cli-linux-arm64": ["@biomejs/cli-linux-arm64@2.4.15", "", { "os": "linux", "cpu": "arm64" }, "sha512-owaAMZD/T4LrD0ELNCk0Km3qrRHuM0X6EAyVE1FSqGY0rbLoiDLrO4Us2tllm6cAeB2Ioa9C2C08NZPdr8+0Ug=="],

    "@biomejs/cli-linux-arm64-musl": ["@biomejs/cli-linux-arm64-musl@2.4.15", "", { "os": "linux", "cpu": "arm64" }, "sha512-ZPcxznxm0pogHBLZhYntyR3sR+MrZjqJIKEr7ZqVen0Rl+P/4upVmfYXjftizi9RoqZntg33fv/1fbdhbYXpEQ=="],

    "@biomejs/cli-linux-x64": ["@biomejs/cli-linux-x64@2.4.15", "", { "os": "linux", "cpu": "x64" }, "sha512-0jj7THz12GbUOLmMibktK6DZjqz2zV64KFxyBtcFTKPiiOIY0a7vns1elpO1dERvxpsZ5ik0oFfz0oGwFde1+g=="],

    "@biomejs/cli-linux-x64-musl": ["@biomejs/cli-linux-x64-musl@2.4.15", "", { "os": "linux", "cpu": "x64" }, "sha512-CNq/9W38SYSH023lfcQ4KKU8K0YX8T//FZUhcgtMMRABDojx5XsMV7jlweAvGSl389wJQB29Qo6Zb/a+jdvt+w=="],

    "@biomejs/cli-win32-arm64": ["@biomejs/cli-win32-arm64@2.4.15", "", { "os": "win32", "cpu": "arm64" }, "sha512-ouhkYdlhp/1GghEJPdWwD/Vi3gQ1nFxuSpMolWsbq3Lsq3QUR4jl6UdhhscdCugKU5vOEuMiJhvKj66O0OCq+w=="],

    "@biomejs/cli-win32-x64": ["@biomejs/cli-win32-x64@2.4.15", "", { "os": "win32", "cpu": "x64" }, "sha512-zBrGq5mx5wwpnow4+2BxUvleDM+GNd4sLbPaMapsSLQLD0NGRCquqPBTgN+7XkUteHvj7M+BstuI8tmnV7+HgQ=="],

    "@hey-api/client-fetch": ["@hey-api/client-fetch@0.13.1", "", { "peerDependencies": { "@hey-api/openapi-ts": "< 2" } }, "sha512-29jBRYNdxVGlx5oewFgOrkulZckpIpBIRHth3uHFn1PrL2ucMy52FvWOY3U3dVx2go1Z3kUmMi6lr07iOpUqqA=="],

    "@hey-api/codegen-core": ["@hey-api/codegen-core@0.8.2", "", { "dependencies": { "@hey-api/types": "0.1.4", "ansi-colors": "4.1.3", "c12": "3.3.4", "color-support": "1.1.3" } }, "sha512-R2NMf3wq97rh1mjz33WJQU8svz3F0RYUjvx/QzXucjpSqQ3O5huTdDjErG4fMxSr1X+X56NuDrqtGfHmo1TRUQ=="],

    "@hey-api/json-schema-ref-parser": ["@hey-api/json-schema-ref-parser@1.4.2", "", { "dependencies": { "@jsdevtools/ono": "7.1.3", "@types/json-schema": "7.0.15", "js-yaml": "4.1.1" } }, "sha512-ZhCFSKI2ipZHEbgmtUHdyddvRU3wJ4elgCfYUC7T7hZa4EivSrVflTQf2w+v3TuaYxR1Y2V2kq3otqTttrrK8Q=="],

    "@hey-api/openapi-ts": ["@hey-api/openapi-ts@0.97.3", "", { "dependencies": { "@hey-api/codegen-core": "0.8.2", "@hey-api/json-schema-ref-parser": "1.4.2", "@hey-api/shared": "0.4.5", "@hey-api/spec-types": "0.2.0", "@hey-api/types": "0.1.4", "@lukeed/ms": "2.0.2", "ansi-colors": "4.1.3", "color-support": "1.1.3", "commander": "14.0.3", "get-tsconfig": "4.14.0" }, "peerDependencies": { "typescript": ">=5.5.3 || >=6.0.0 || 6.0.1-rc" }, "bin": { "openapi-ts": "./bin/run.js" } }, "sha512-4sR6/E/POuy7aPZW9DDjhObzZCq7eSJWiW0+epXeKNczoTWEwdOyWFy9Ca/CnXYlZ3oJsrv0ZD0OO+YuczT7CA=="],

    "@hey-api/shared": ["@hey-api/shared@0.4.5", "", { "dependencies": { "@hey-api/codegen-core": "0.8.2", "@hey-api/json-schema-ref-parser": "1.4.2", "@hey-api/spec-types": "0.2.0", "@hey-api/types": "0.1.4", "ansi-colors": "4.1.3", "cross-spawn": "7.0.6", "open": "11.0.0", "semver": "7.7.4" } }, "sha512-au4eHpBXAe1du0iMp6ESYuEaMS2jsoEyrbcT246btRhI9rMeQFEs7ZjtcMGXGsxhpaR38A8cPGNHx7QOrWAdMw=="],

    "@hey-api/spec-types": ["@hey-api/spec-types@0.2.0", "", { "dependencies": { "@hey-api/types": "0.1.4" } }, "sha512-ibQ8Is7evMavzr8GNyJCcTg975d8DpaMUyLmOrQ85UBdy1l6t1KuRAwgChAbesJsIlNV6gjmlXruWyegDX18Fg=="],

    "@hey-api/types": ["@hey-api/types@0.1.4", "", {}, "sha512-thWfawrDIP7wSI9ioT13I5soaaqB5vAPIiZmgD8PbeEVKNrkonc0N/Sjj97ezl7oQgusZmaNphGdMKipPO6IBg=="],

    "@hono/zod-openapi": ["@hono/zod-openapi@1.4.0", "", { "dependencies": { "@asteasolutions/zod-to-openapi": "^8.5.0", "@hono/zod-validator": "^0.8.0", "openapi3-ts": "^4.5.0" }, "peerDependencies": { "hono": ">=4.10.0", "zod": "^4.0.0" } }, "sha512-AFchqR1N/NxfI4hUOSGI2/g8zLROxA1OE7Oh5JJFlTaGxhrdRyH+93gd0tIBpb0z8s9r8hUoNnaOBfHbdb4NMw=="],

    "@hono/zod-validator": ["@hono/zod-validator@0.8.0", "", { "peerDependencies": { "hono": ">=4.10.0", "zod": "^3.25.0 || ^4.0.0" } }, "sha512-5uS4S1/LKtZQYvD4BtpPUFkOv8d1wNxHHrChm26buMiEYc1FrHWvDUaKVBwkiVtvSExHSpLGDvcnpI2Copyj9w=="],

    "@jsdevtools/ono": ["@jsdevtools/ono@7.1.3", "", {}, "sha512-4JQNk+3mVzK3xh2rqd6RB4J46qUR19azEHBneZyTZM+c456qOrbbM/5xcR8huNCCcbVt7+UmizG6GuUvPvKUYg=="],

    "@lukeed/ms": ["@lukeed/ms@2.0.2", "", {}, "sha512-9I2Zn6+NJLfaGoz9jN3lpwDgAYvfGeNYdbAIjJOqzs4Tpc+VU3Jqq4IofSUBKajiDS8k9fZIg18/z13mpk1bsA=="],

    "@types/bun": ["@types/bun@1.3.14", "", { "dependencies": { "bun-types": "1.3.14" } }, "sha512-h1hFqFVcvAvD9j9K7ZW7vd82aSA+rTdznZa+5bwvCwqSB1jmmfLcbIWhOLx1/+boy/xmjgCs/OMUL8hRJSmnPw=="],

    "@types/json-schema": ["@types/json-schema@7.0.15", "", {}, "sha512-5+fP8P8MFNC+AyZCDxrB2pkZFPGzqQWUzpSeuuVLvm8VMcorNYavBqoFcxK8bQz4Qsbn4oUEEem4wDLfcysGHA=="],

    "@types/node": ["@types/node@25.9.1", "", { "dependencies": { "undici-types": ">=7.24.0 <7.24.7" } }, "sha512-xfrlY7UD5rMJk3ZVJP8BNzS28J36YJg+xp+LPXV1TdWxr8uMH5A860QNxYDGQe/ylDSgjxE52Q9VnO7p75tJxg=="],

    "agent-base": ["agent-base@6.0.2", "", { "dependencies": { "debug": "4" } }, "sha512-RZNwNclF7+MS/8bDg70amg32dyeZGZxiDuQmZxKLAlQjr3jGyLx+4Kkk58UO7D2QdgFIQCovuSuZESne6RG6XQ=="],

    "ansi-colors": ["ansi-colors@4.1.3", "", {}, "sha512-/6w/C21Pm1A7aZitlI5Ni/2J6FFQN8i1Cvz3kHABAAbw93v/NlvKdVOqz7CCWz/3iv/JplRSEEZ83XION15ovw=="],

    "argparse": ["argparse@2.0.1", "", {}, "sha512-8+9WqebbFzpX9OR+Wa6O29asIogeRMzcGtAINdpMHHyAg10f05aSFVBbcEqGf/PXw1EjAZ+q2/bEBg3DvurK3Q=="],

    "asynckit": ["asynckit@0.4.0", "", {}, "sha512-Oei9OH4tRh0YqU3GxhX79dM/mwVgvbZJaSNaRk+bshkj0S5cfHcgYakreBjrHwatXKbz+IoIdYLxrKim2MjW0Q=="],

    "axios": ["axios@1.16.1", "", { "dependencies": { "follow-redirects": "^1.16.0", "form-data": "^4.0.5", "https-proxy-agent": "^5.0.1", "proxy-from-env": "^2.1.0" } }, "sha512-caYkukvroVPO8KrzuJEb50Hm07KwfBZPEC3VeFHTsqWHvKTsy54hjJz9BS/cdaypROE2rH6xvm9mHX4fgWkr3A=="],

    "buffer-equal-constant-time": ["buffer-equal-constant-time@1.0.1", "", {}, "sha512-zRpUiDwd/xk6ADqPMATG8vc9VPrkck7T07OIx0gnjmJAnHnTVXNQG3vfvWNuiZIkwu9KrKdA1iJKfsfTVxE6NA=="],

    "bun-types": ["bun-types@1.3.14", "", { "dependencies": { "@types/node": "*" } }, "sha512-4N0ig0fEomHt5R0KCFWjovxow98rIoRwKolrYdCcknNwMekCXRnWEUvgu5soYV8QXtVsrUD8B95MBOZGPvr6KQ=="],

    "bundle-name": ["bundle-name@4.1.0", "", { "dependencies": { "run-applescript": "^7.0.0" } }, "sha512-tjwM5exMg6BGRI+kNmTntNsvdZS1X8BFYS6tnJ2hdH0kVxM6/eVZ2xy+FqStSWvYmtfFMDLIxurorHwDKfDz5Q=="],

    "c12": ["c12@3.3.4", "", { "dependencies": { "chokidar": "^5.0.0", "confbox": "^0.2.4", "defu": "^6.1.6", "dotenv": "^17.3.1", "exsolve": "^1.0.8", "giget": "^3.2.0", "jiti": "^2.6.1", "ohash": "^2.0.11", "pathe": "^2.0.3", "perfect-debounce": "^2.1.0", "pkg-types": "^2.3.0", "rc9": "^3.0.1" }, "peerDependencies": { "magicast": "*" }, "optionalPeers": ["magicast"] }, "sha512-cM0ApFQSBXuourJejzwv/AuPRvAxordTyParRVcHjjtXirtkzM0uK2L9TTn9s0cXZbG7E55jCivRQzoxYmRAlA=="],

    "call-bind-apply-helpers": ["call-bind-apply-helpers@1.0.2", "", { "dependencies": { "es-errors": "^1.3.0", "function-bind": "^1.1.2" } }, "sha512-Sp1ablJ0ivDkSzjcaJdxEunN5/XvksFJ2sMBFfq6x0ryhQV/2b/KwFe21cMpmHtPOSij8K99/wSfoEuTObmuMQ=="],

    "call-bound": ["call-bound@1.0.4", "", { "dependencies": { "call-bind-apply-helpers": "^1.0.2", "get-intrinsic": "^1.3.0" } }, "sha512-+ys997U96po4Kx/ABpBCqhA9EuxJaQWDQg7295H4hBphv3IZg0boBKuwYpt4YXp6MZ5AmZQnU/tyMTlRpaSejg=="],

    "chokidar": ["chokidar@5.0.0", "", { "dependencies": { "readdirp": "^5.0.0" } }, "sha512-TQMmc3w+5AxjpL8iIiwebF73dRDF4fBIieAqGn9RGCWaEVwQ6Fb2cGe31Yns0RRIzii5goJ1Y7xbMwo1TxMplw=="],

    "color-support": ["color-support@1.1.3", "", { "bin": { "color-support": "bin.js" } }, "sha512-qiBjkpbMLO/HL68y+lh4q0/O1MZFj2RX6X/KmMa3+gJD3z+WwI1ZzDHysvqHGS3mP6mznPckpXmw1nI9cJjyRg=="],

    "combined-stream": ["combined-stream@1.0.8", "", { "dependencies": { "delayed-stream": "~1.0.0" } }, "sha512-FQN4MRfuJeHf7cBbBMJFXhKSDq+2kAArBlmRBvcvFE5BB1HZKXtSFASDhdlz9zOYwxh8lDdnvmMOe/+5cdoEdg=="],

    "commander": ["commander@14.0.3", "", {}, "sha512-H+y0Jo/T1RZ9qPP4Eh1pkcQcLRglraJaSLoyOtHxu6AapkjWVCy2Sit1QQ4x3Dng8qDlSsZEet7g5Pq06MvTgw=="],

    "confbox": ["confbox@0.2.4", "", {}, "sha512-ysOGlgTFbN2/Y6Cg3Iye8YKulHw+R2fNXHrgSmXISQdMnomY6eNDprVdW9R5xBguEqI954+S6709UyiO7B+6OQ=="],

    "cross-spawn": ["cross-spawn@7.0.6", "", { "dependencies": { "path-key": "^3.1.0", "shebang-command": "^2.0.0", "which": "^2.0.1" } }, "sha512-uV2QOWP2nWzsy2aMp8aRibhi9dlzF5Hgh5SHaB9OiTGEyDTiJJyx0uy51QXdyWbtAHNua4XJzUKca3OzKUd3vA=="],

    "dayjs": ["dayjs@1.11.20", "", {}, "sha512-YbwwqR/uYpeoP4pu043q+LTDLFBLApUP6VxRihdfNTqu4ubqMlGDLd6ErXhEgsyvY0K6nCs7nggYumAN+9uEuQ=="],

    "debug": ["debug@4.4.3", "", { "dependencies": { "ms": "^2.1.3" } }, "sha512-RGwwWnwQvkVfavKVt22FGLw+xYSdzARwm0ru6DhTVA3umU5hZc28V3kO4stgYryrTlLpuvgI9GiijltAjNbcqA=="],

    "default-browser": ["default-browser@5.5.0", "", { "dependencies": { "bundle-name": "^4.1.0", "default-browser-id": "^5.0.0" } }, "sha512-H9LMLr5zwIbSxrmvikGuI/5KGhZ8E2zH3stkMgM5LpOWDutGM2JZaj460Udnf1a+946zc7YBgrqEWwbk7zHvGw=="],

    "default-browser-id": ["default-browser-id@5.0.1", "", {}, "sha512-x1VCxdX4t+8wVfd1so/9w+vQ4vx7lKd2Qp5tDRutErwmR85OgmfX7RlLRMWafRMY7hbEiXIbudNrjOAPa/hL8Q=="],

    "define-lazy-prop": ["define-lazy-prop@3.0.0", "", {}, "sha512-N+MeXYoqr3pOgn8xfyRPREN7gHakLYjhsHhWGT3fWAiL4IkAt0iDw14QiiEm2bE30c5XX5q0FtAA3CK5f9/BUg=="],

    "defu": ["defu@6.1.7", "", {}, "sha512-7z22QmUWiQ/2d0KkdYmANbRUVABpZ9SNYyH5vx6PZ+nE5bcC0l7uFvEfHlyld/HcGBFTL536ClDt3DEcSlEJAQ=="],

    "delayed-stream": ["delayed-stream@1.0.0", "", {}, "sha512-ZySD7Nf91aLB0RxL4KGrKHBXl7Eds1DAmEdcoVawXnLD7SDhpNgtuII2aAkg7a7QS41jxPSZ17p4VdGnMHk3MQ=="],

    "destr": ["destr@2.0.5", "", {}, "sha512-ugFTXCtDZunbzasqBxrK93Ik/DRYsO6S/fedkWEMKqt04xZ4csmnmwGDBAb07QWNaGMAmnTIemsYZCksjATwsA=="],

    "dotenv": ["dotenv@17.4.2", "", {}, "sha512-nI4U3TottKAcAD9LLud4Cb7b2QztQMUEfHbvhTH09bqXTxnSie8WnjPALV/WMCrJZ6UV/qHJ6L03OqO3LcdYZw=="],

    "dunder-proto": ["dunder-proto@1.0.1", "", { "dependencies": { "call-bind-apply-helpers": "^1.0.1", "es-errors": "^1.3.0", "gopd": "^1.2.0" } }, "sha512-KIN/nDJBQRcXw0MLVhZE9iQHmG68qAVIBg9CqmUYjmQIhgij9U5MFvrqkUL5FbtyyzZuOeOt0zdeRe4UY7ct+A=="],

    "ecdsa-sig-formatter": ["ecdsa-sig-formatter@1.0.11", "", { "dependencies": { "safe-buffer": "^5.0.1" } }, "sha512-nagl3RYrbNv6kQkeJIpt6NJZy8twLB/2vtz6yN9Z4vRKHN4/QZJIEbqohALSgwKdnksuY3k5Addp5lg8sVoVcQ=="],

    "es-define-property": ["es-define-property@1.0.1", "", {}, "sha512-e3nRfgfUZ4rNGL232gUgX06QNyyez04KdjFrF+LTRoOXmrOgFKDg4BCdsjW8EnT69eqdYGmRpJwiPVYNrCaW3g=="],

    "es-errors": ["es-errors@1.3.0", "", {}, "sha512-Zf5H2Kxt2xjTvbJvP2ZWLEICxA6j+hAmMzIlypy4xcBg1vKVnx89Wy0GbS+kf5cwCVFFzdCFh2XSCFNULS6csw=="],

    "es-object-atoms": ["es-object-atoms@1.1.2", "", { "dependencies": { "es-errors": "^1.3.0" } }, "sha512-HWcBoN6NileqtSydK2FqHbS/LoDd2pqrnQHLyJzBj4kOp/ky2MWMN694xOfkK8/SnUsW2DH7EfyVlydKCsm1Zw=="],

    "es-set-tostringtag": ["es-set-tostringtag@2.1.0", "", { "dependencies": { "es-errors": "^1.3.0", "get-intrinsic": "^1.2.6", "has-tostringtag": "^1.0.2", "hasown": "^2.0.2" } }, "sha512-j6vWzfrGVfyXxge+O0x5sh6cvxAog0a/4Rdd2K36zCMV5eJ+/+tOAngRO8cODMNWbVRdVlmGZQL2YS3yR8bIUA=="],

    "exsolve": ["exsolve@1.0.8", "", {}, "sha512-LmDxfWXwcTArk8fUEnOfSZpHOJ6zOMUJKOtFLFqJLoKJetuQG874Uc7/Kki7zFLzYybmZhp1M7+98pfMqeX8yA=="],

    "follow-redirects": ["follow-redirects@1.16.0", "", {}, "sha512-y5rN/uOsadFT/JfYwhxRS5R7Qce+g3zG97+JrtFZlC9klX/W5hD7iiLzScI4nZqUS7DNUdhPgw4xI8W2LuXlUw=="],

    "form-data": ["form-data@4.0.5", "", { "dependencies": { "asynckit": "^0.4.0", "combined-stream": "^1.0.8", "es-set-tostringtag": "^2.1.0", "hasown": "^2.0.2", "mime-types": "^2.1.12" } }, "sha512-8RipRLol37bNs2bhoV67fiTEvdTrbMUYcFTiy3+wuuOnUog2QBHCZWXDRijWQfAkhBj2Uf5UnVaiWwA5vdd82w=="],

    "function-bind": ["function-bind@1.1.2", "", {}, "sha512-7XHNxH7qX9xG5mIwxkhumTox/MIRNcOgDrxWsMt2pAr23WHp6MrRlN7FBSFpCpr+oVO0F744iUgR82nJMfG2SA=="],

    "get-intrinsic": ["get-intrinsic@1.3.0", "", { "dependencies": { "call-bind-apply-helpers": "^1.0.2", "es-define-property": "^1.0.1", "es-errors": "^1.3.0", "es-object-atoms": "^1.1.1", "function-bind": "^1.1.2", "get-proto": "^1.0.1", "gopd": "^1.2.0", "has-symbols": "^1.1.0", "hasown": "^2.0.2", "math-intrinsics": "^1.1.0" } }, "sha512-9fSjSaos/fRIVIp+xSJlE6lfwhES7LNtKaCBIamHsjr2na1BiABJPo0mOjjz8GJDURarmCPGqaiVg5mfjb98CQ=="],

    "get-proto": ["get-proto@1.0.1", "", { "dependencies": { "dunder-proto": "^1.0.1", "es-object-atoms": "^1.0.0" } }, "sha512-sTSfBjoXBp89JvIKIefqw7U2CCebsc74kiY6awiGogKtoSGbgjYE/G/+l9sF3MWFPNc9IcoOC4ODfKHfxFmp0g=="],

    "get-tsconfig": ["get-tsconfig@4.14.0", "", { "dependencies": { "resolve-pkg-maps": "^1.0.0" } }, "sha512-yTb+8DXzDREzgvYmh6s9vHsSVCHeC0G3PI5bEXNBHtmshPnO+S5O7qgLEOn0I5QvMy6kpZN8K1NKGyilLb93wA=="],

    "giget": ["giget@3.2.0", "", { "bin": { "giget": "dist/cli.mjs" } }, "sha512-GvHTWcykIR/fP8cj8dMpuMMkvaeJfPvYnhq0oW+chSeIr+ldX21ifU2Ms6KBoyKZQZmVaUAAhQ2EZ68KJF8a7A=="],

    "gopd": ["gopd@1.2.0", "", {}, "sha512-ZUKRh6/kUFoAiTAtTYPZJ3hw9wNxx+BIBOijnlG9PnrJsCcSjs1wyyD6vJpaYtgnzDrKYRSqf3OO6Rfa93xsRg=="],

    "has-symbols": ["has-symbols@1.1.0", "", {}, "sha512-1cDNdwJ2Jaohmb3sg4OmKaMBwuC48sYni5HUw2DvsC8LjGTLK9h+eb1X6RyuOHe4hT0ULCW68iomhjUoKUqlPQ=="],

    "has-tostringtag": ["has-tostringtag@1.0.2", "", { "dependencies": { "has-symbols": "^1.0.3" } }, "sha512-NqADB8VjPFLM2V0VvHUewwwsw0ZWBaIdgo+ieHtK3hasLz4qeCRjYcqfB6AQrBggRKppKF8L52/VqdVsO47Dlw=="],

    "hasown": ["hasown@2.0.3", "", { "dependencies": { "function-bind": "^1.1.2" } }, "sha512-ej4AhfhfL2Q2zpMmLo7U1Uv9+PyhIZpgQLGT1F9miIGmiCJIoCgSmczFdrc97mWT4kVY72KA+WnnhJ5pghSvSg=="],

    "hono": ["hono@4.12.23", "", {}, "sha512-eIaZ9qDgu7XV0pxOCrg7/WhnQ6Ivm22UcxhXx/A3dcbqbbYgBEkc6e/J/s7j2tS96zoB0S9VBdLwQNCWwUo4LA=="],

    "https-proxy-agent": ["https-proxy-agent@5.0.1", "", { "dependencies": { "agent-base": "6", "debug": "4" } }, "sha512-dFcAjpTQFgoLMzC2VwU+C/CbS7uRL0lWmxDITmqm7C+7F0Odmj6s9l6alZc6AELXhrnggM2CeWSXHGOdX2YtwA=="],

    "is-docker": ["is-docker@3.0.0", "", { "bin": { "is-docker": "cli.js" } }, "sha512-eljcgEDlEns/7AXFosB5K/2nCM4P7FQPkGc/DWLy5rmFEWvZayGrik1d9/QIY5nJ4f9YsVvBkA6kJpHn9rISdQ=="],

    "is-in-ssh": ["is-in-ssh@1.0.0", "", {}, "sha512-jYa6Q9rH90kR1vKB6NM7qqd1mge3Fx4Dhw5TVlK1MUBqhEOuCagrEHMevNuCcbECmXZ0ThXkRm+Ymr51HwEPAw=="],

    "is-inside-container": ["is-inside-container@1.0.0", "", { "dependencies": { "is-docker": "^3.0.0" }, "bin": { "is-inside-container": "cli.js" } }, "sha512-KIYLCCJghfHZxqjYBE7rEy0OBuTd5xCHS7tHVgvCLkx7StIoaxwNW3hCALgEUjFfeRk+MG/Qxmp/vtETEF3tRA=="],

    "is-wsl": ["is-wsl@3.1.1", "", { "dependencies": { "is-inside-container": "^1.0.0" } }, "sha512-e6rvdUCiQCAuumZslxRJWR/Doq4VpPR82kqclvcS0efgt430SlGIk05vdCN58+VrzgtIcfNODjozVielycD4Sw=="],

    "isexe": ["isexe@2.0.0", "", {}, "sha512-RHxMLp9lnKHGHRng9QFhRCMbYAcVpn69smSGcq3f36xjgVVWThj4qqLbTLlq7Ssj8B+fIQ1EuCEGI2lKsyQeIw=="],

    "jiti": ["jiti@2.7.0", "", { "bin": { "jiti": "lib/jiti-cli.mjs" } }, "sha512-AC/7JofJvZGrrneWNaEnJeOLUx+JlGt7tNa0wZiRPT4MY1wmfKjt2+6O2p2uz2+skll8OZZmJMNqeke7kKbNgQ=="],

    "js-yaml": ["js-yaml@4.1.1", "", { "dependencies": { "argparse": "^2.0.1" }, "bin": { "js-yaml": "bin/js-yaml.js" } }, "sha512-qQKT4zQxXl8lLwBtHMWwaTcGfFOZviOJet3Oy/xmGk2gZH677CJM9EvtfdSkgWcATZhj/55JZ0rmy3myCT5lsA=="],

    "jsonwebtoken": ["jsonwebtoken@9.0.3", "", { "dependencies": { "jws": "^4.0.1", "lodash.includes": "^4.3.0", "lodash.isboolean": "^3.0.3", "lodash.isinteger": "^4.0.4", "lodash.isnumber": "^3.0.3", "lodash.isplainobject": "^4.0.6", "lodash.isstring": "^4.0.1", "lodash.once": "^4.0.0", "ms": "^2.1.1", "semver": "^7.5.4" } }, "sha512-MT/xP0CrubFRNLNKvxJ2BYfy53Zkm++5bX9dtuPbqAeQpTVe0MQTFhao8+Cp//EmJp244xt6Drw/GVEGCUj40g=="],

    "jwa": ["jwa@2.0.1", "", { "dependencies": { "buffer-equal-constant-time": "^1.0.1", "ecdsa-sig-formatter": "1.0.11", "safe-buffer": "^5.0.1" } }, "sha512-hRF04fqJIP8Abbkq5NKGN0Bbr3JxlQ+qhZufXVr0DvujKy93ZCbXZMHDL4EOtodSbCWxOqR8MS1tXA5hwqCXDg=="],

    "jws": ["jws@4.0.1", "", { "dependencies": { "jwa": "^2.0.1", "safe-buffer": "^5.0.1" } }, "sha512-EKI/M/yqPncGUUh44xz0PxSidXFr/+r0pA70+gIYhjv+et7yxM+s29Y+VGDkovRofQem0fs7Uvf4+YmAdyRduA=="],

    "lodash.includes": ["lodash.includes@4.3.0", "", {}, "sha512-W3Bx6mdkRTGtlJISOvVD/lbqjTlPPUDTMnlXZFnVwi9NKJ6tiAk6LVdlhZMm17VZisqhKcgzpO5Wz91PCt5b0w=="],

    "lodash.isboolean": ["lodash.isboolean@3.0.3", "", {}, "sha512-Bz5mupy2SVbPHURB98VAcw+aHh4vRV5IPNhILUCsOzRmsTmSQ17jIuqopAentWoehktxGd9e/hbIXq980/1QJg=="],

    "lodash.isinteger": ["lodash.isinteger@4.0.4", "", {}, "sha512-DBwtEWN2caHQ9/imiNeEA5ys1JoRtRfY3d7V9wkqtbycnAmTvRRmbHKDV4a0EYc678/dia0jrte4tjYwVBaZUA=="],

    "lodash.isnumber": ["lodash.isnumber@3.0.3", "", {}, "sha512-QYqzpfwO3/CWf3XP+Z+tkQsfaLL/EnUlXWVkIk5FUPc4sBdTehEqZONuyRt2P67PXAk+NXmTBcc97zw9t1FQrw=="],

    "lodash.isplainobject": ["lodash.isplainobject@4.0.6", "", {}, "sha512-oSXzaWypCMHkPC3NvBEaPHf0KsA5mvPrOPgQWDsbg8n7orZ290M0BmC/jgRZ4vcJ6DTAhjrsSYgdsW/F+MFOBA=="],

    "lodash.isstring": ["lodash.isstring@4.0.1", "", {}, "sha512-0wJxfxH1wgO3GrbuP+dTTk7op+6L41QCXbGINEmD+ny/G/eCqGzxyCsh7159S+mgDDcoarnBw6PC1PS5+wUGgw=="],

    "lodash.once": ["lodash.once@4.1.1", "", {}, "sha512-Sb487aTOCr9drQVL8pIxOzVhafOjZN9UU54hiN8PU3uAiSV7lx1yYNpbNmex2PK6dSJoNTSJUUswT651yww3Mg=="],

    "math-intrinsics": ["math-intrinsics@1.1.0", "", {}, "sha512-/IXtbwEk5HTPyEwyKX6hGkYXxM9nbj64B+ilVJnC/R6B0pH5G4V3b0pVbL7DBj4tkhBAppbQUlf6F6Xl9LHu1g=="],

    "mime-db": ["mime-db@1.52.0", "", {}, "sha512-sPU4uV7dYlvtWJxwwxHD0PuihVNiE7TyAbQ5SWxDCB9mUYvOgroQOwYQQOKPJ8CIbE+1ETVlOoK1UC2nU3gYvg=="],

    "mime-types": ["mime-types@2.1.35", "", { "dependencies": { "mime-db": "1.52.0" } }, "sha512-ZDY+bPm5zTTF+YpCrAU9nK0UgICYPT0QtT1NZWFv4s++TNkcgVaT0g6+4R2uI4MjQjzysHB1zxuWL50hzaeXiw=="],

    "ms": ["ms@2.1.3", "", {}, "sha512-6FlzubTLZG3J2a/NVCAleEhjzq5oxgHyaCU9yYXvcLsvoVaHJq/s5xXI6/XXP6tz7R9xAOtHnSO/tXtF3WRTlA=="],

    "object-inspect": ["object-inspect@1.13.4", "", {}, "sha512-W67iLl4J2EXEGTbfeHCffrjDfitvLANg0UlX3wFUUSTx92KXRFegMHUVgSqE+wvhAbi4WqjGg9czysTV2Epbew=="],

    "ohash": ["ohash@2.0.11", "", {}, "sha512-RdR9FQrFwNBNXAr4GixM8YaRZRJ5PUWbKYbE5eOsrwAjJW0q2REGcf79oYPsLyskQCZG1PLN+S/K1V00joZAoQ=="],

    "open": ["open@11.0.0", "", { "dependencies": { "default-browser": "^5.4.0", "define-lazy-prop": "^3.0.0", "is-in-ssh": "^1.0.0", "is-inside-container": "^1.0.0", "powershell-utils": "^0.1.0", "wsl-utils": "^0.3.0" } }, "sha512-smsWv2LzFjP03xmvFoJ331ss6h+jixfA4UUV/Bsiyuu4YJPfN+FIQGOIiv4w9/+MoHkfkJ22UIaQWRVFRfH6Vw=="],

    "openapi3-ts": ["openapi3-ts@4.5.0", "", { "dependencies": { "yaml": "^2.8.0" } }, "sha512-jaL+HgTq2Gj5jRcfdutgRGLosCy/hT8sQf6VOy+P+g36cZOjI1iukdPnijC+4CmeRzg/jEllJUboEic2FhxhtQ=="],

    "path-key": ["path-key@3.1.1", "", {}, "sha512-ojmeN0qd+y0jszEtoY48r0Peq5dwMEkIlCOu6Q5f41lfkswXuKtYrhgoTpLnyIcHm24Uhqx+5Tqm2InSwLhE6Q=="],

    "pathe": ["pathe@2.0.3", "", {}, "sha512-WUjGcAqP1gQacoQe+OBJsFA7Ld4DyXuUIjZ5cc75cLHvJ7dtNsTugphxIADwspS+AraAUePCKrSVtPLFj/F88w=="],

    "perfect-debounce": ["perfect-debounce@2.1.0", "", {}, "sha512-LjgdTytVFXeUgtHZr9WYViYSM/g8MkcTPYDlPa3cDqMirHjKiSZPYd6DoL7pK8AJQr+uWkQvCjHNdiMqsrJs+g=="],

    "pkg-types": ["pkg-types@2.3.1", "", { "dependencies": { "confbox": "^0.2.4", "exsolve": "^1.0.8", "pathe": "^2.0.3" } }, "sha512-y+ichcgc2LrADuhLNAx8DFjVfgz91pRxfZdI3UDhxHvcVEZsenLO+7XaU5vOp0u/7V/wZ+plyuQxtrDlZJ+yeg=="],

    "powershell-utils": ["powershell-utils@0.1.0", "", {}, "sha512-dM0jVuXJPsDN6DvRpea484tCUaMiXWjuCn++HGTqUWzGDjv5tZkEZldAJ/UMlqRYGFrD/etByo4/xOuC/snX2A=="],

    "proxy-from-env": ["proxy-from-env@2.1.0", "", {}, "sha512-cJ+oHTW1VAEa8cJslgmUZrc+sjRKgAKl3Zyse6+PV38hZe/V6Z14TbCuXcan9F9ghlz4QrFr2c92TNF82UkYHA=="],

    "qs": ["qs@6.15.2", "", { "dependencies": { "side-channel": "^1.1.0" } }, "sha512-Rzq0KEyX/w/tEybncDgdkZrJgVUsUMk3xjh3t5bv3S1HTAtg+uOYt72+ZfwiQwKdysThkTBdL/rTi6HDmX9Ddw=="],

    "rc9": ["rc9@3.0.1", "", { "dependencies": { "defu": "^6.1.6", "destr": "^2.0.5" } }, "sha512-gMDyleLWVE+i6Sgtc0QbbY6pEKqYs97NGi6isHQPqYlLemPoO8dxQ3uGi0f4NiP98c+jMW6cG1Kx9dDwfvqARQ=="],

    "readdirp": ["readdirp@5.0.0", "", {}, "sha512-9u/XQ1pvrQtYyMpZe7DXKv2p5CNvyVwzUB6uhLAnQwHMSgKMBR62lc7AHljaeteeHXn11XTAaLLUVZYVZyuRBQ=="],

    "resolve-pkg-maps": ["resolve-pkg-maps@1.0.0", "", {}, "sha512-seS2Tj26TBVOC2NIc2rOe2y2ZO7efxITtLZcGSOnHHNOQ7CkiUBfw0Iw2ck6xkIhPwLhKNLS8BO+hEpngQlqzw=="],

    "run-applescript": ["run-applescript@7.1.0", "", {}, "sha512-DPe5pVFaAsinSaV6QjQ6gdiedWDcRCbUuiQfQa2wmWV7+xC9bGulGI8+TdRmoFkAPaBXk8CrAbnlY2ISniJ47Q=="],

    "safe-buffer": ["safe-buffer@5.2.1", "", {}, "sha512-rp3So07KcdmmKbGvgaNxQSJr7bGVSVk5S9Eq1F+ppbRo70+YeaDxkw5Dd8NPN+GD6bjnYm2VuPuCXmpuYvmCXQ=="],

    "scmp": ["scmp@2.1.0", "", {}, "sha512-o/mRQGk9Rcer/jEEw/yw4mwo3EU/NvYvp577/Btqrym9Qy5/MdWGBqipbALgd2lrdWTJ5/gqDusxfnQBxOxT2Q=="],

    "semver": ["semver@7.7.4", "", { "bin": { "semver": "bin/semver.js" } }, "sha512-vFKC2IEtQnVhpT78h1Yp8wzwrf8CM+MzKMHGJZfBtzhZNycRFnXsHk6E5TxIkkMsgNS7mdX3AGB7x2QM2di4lA=="],

    "shebang-command": ["shebang-command@2.0.0", "", { "dependencies": { "shebang-regex": "^3.0.0" } }, "sha512-kHxr2zZpYtdmrN1qDjrrX/Z1rR1kG8Dx+gkpK1G4eXmvXswmcE1hTWBWYUzlraYw1/yZp6YuDY77YtvbN0dmDA=="],

    "shebang-regex": ["shebang-regex@3.0.0", "", {}, "sha512-7++dFhtcx3353uBaq8DDR4NuxBetBzC7ZQOhmTQInHEd6bSrXdiEyzCvG07Z44UYdLShWUyXt5M/yhz8ekcb1A=="],

    "side-channel": ["side-channel@1.1.0", "", { "dependencies": { "es-errors": "^1.3.0", "object-inspect": "^1.13.3", "side-channel-list": "^1.0.0", "side-channel-map": "^1.0.1", "side-channel-weakmap": "^1.0.2" } }, "sha512-ZX99e6tRweoUXqR+VBrslhda51Nh5MTQwou5tnUDgbtyM0dBgmhEDtWGP/xbKn6hqfPRHujUNwz5fy/wbbhnpw=="],

    "side-channel-list": ["side-channel-list@1.0.1", "", { "dependencies": { "es-errors": "^1.3.0", "object-inspect": "^1.13.4" } }, "sha512-mjn/0bi/oUURjc5Xl7IaWi/OJJJumuoJFQJfDDyO46+hBWsfaVM65TBHq2eoZBhzl9EchxOijpkbRC8SVBQU0w=="],

    "side-channel-map": ["side-channel-map@1.0.1", "", { "dependencies": { "call-bound": "^1.0.2", "es-errors": "^1.3.0", "get-intrinsic": "^1.2.5", "object-inspect": "^1.13.3" } }, "sha512-VCjCNfgMsby3tTdo02nbjtM/ewra6jPHmpThenkTYh8pG9ucZ/1P8So4u4FGBek/BjpOVsDCMoLA/iuBKIFXRA=="],

    "side-channel-weakmap": ["side-channel-weakmap@1.0.2", "", { "dependencies": { "call-bound": "^1.0.2", "es-errors": "^1.3.0", "get-intrinsic": "^1.2.5", "object-inspect": "^1.13.3", "side-channel-map": "^1.0.1" } }, "sha512-WPS/HvHQTYnHisLo9McqBHOJk2FkHO/tlpvldyrnem4aeQp4hai3gythswg6p01oSoTl58rcpiFAjF2br2Ak2A=="],

    "twilio": ["twilio@6.0.2", "", { "dependencies": { "axios": "^1.13.5", "dayjs": "^1.11.9", "https-proxy-agent": "^5.0.0", "jsonwebtoken": "^9.0.3", "qs": "^6.14.1", "scmp": "^2.1.0", "xmlbuilder": "^13.0.2" } }, "sha512-RN3TZxUtxLz2HBZVt62+LdZxQbrMVgYKtuzLgwmO7nqKvR+gQS5mCackD9hf4Y7MmoK/bX7tCm7kaJC8kC8zFA=="],

    "typescript": ["typescript@6.0.3", "", { "bin": { "tsc": "bin/tsc", "tsserver": "bin/tsserver" } }, "sha512-y2TvuxSZPDyQakkFRPZHKFm+KKVqIisdg9/CZwm9ftvKXLP8NRWj38/ODjNbr43SsoXqNuAisEf1GdCxqWcdBw=="],

    "undici-types": ["undici-types@7.24.6", "", {}, "sha512-WRNW+sJgj5OBN4/0JpHFqtqzhpbnV0GuB+OozA9gCL7a993SmU+1JBZCzLNxYsbMfIeDL+lTsphD5jN5N+n0zg=="],

    "which": ["which@2.0.2", "", { "dependencies": { "isexe": "^2.0.0" }, "bin": { "node-which": "./bin/node-which" } }, "sha512-BLI3Tl1TW3Pvl70l3yq3Y64i+awpwXqsGBYWkkqMtnbXgrMD+yj7rhW0kuEDxzJaYXGjEW5ogapKNMEKNMjibA=="],

    "wsl-utils": ["wsl-utils@0.3.1", "", { "dependencies": { "is-wsl": "^3.1.0", "powershell-utils": "^0.1.0" } }, "sha512-g/eziiSUNBSsdDJtCLB8bdYEUMj4jR7AGeUo96p/3dTafgjHhpF4RiCFPiRILwjQoDXx5MqkBr4fwWtR3Ky4Wg=="],

    "xmlbuilder": ["xmlbuilder@13.0.2", "", {}, "sha512-Eux0i2QdDYKbdbA6AM6xE4m6ZTZr4G4xF9kahI2ukSEMCzwce2eX9WlTI5J3s+NU7hpasFsr8hWIONae7LluAQ=="],

    "yaml": ["yaml@2.9.0", "", { "bin": { "yaml": "bin.mjs" } }, "sha512-2AvhNX3mb8zd6Zy7INTtSpl1F15HW6Wnqj0srWlkKLcpYl/gMIMJiyuGq2KeI2YFxUPjdlB+3Lc10seMLtL4cA=="],

    "zod": ["zod@4.4.3", "", {}, "sha512-ytENFjIJFl2UwYglde2jchW2Hwm4GJFLDiSXWdTrJQBIN9Fcyp7n4DhxJEiWNAJMV1/BqWfW/kkg71UDcHJyTQ=="],

    "jsonwebtoken/semver": ["semver@7.8.1", "", { "bin": { "semver": "bin/semver.js" } }, "sha512-rkVq3IXh+4FDGch+KwzX3aV9W3kO54GyEgpvBzSyctDA6Xtd7RJQV1xmXbeQp5v7+VzLOfVqiutSE6GICgPFvg=="],
  }
}
